// !$*UTF8*$!
{
	archiveVersion = 1;
	classes = {
	};
	objectVersion = 46;
	objects = {

/* Begin PBXBuildFile section */
		198AC7CE1E77027700E56723 /* AppDelegate.swift in Sources */ = {isa = PBXBuildFile; fileRef = 198AC7CD1E77027700E56723 /* AppDelegate.swift */; };
		198AC7D01E77027700E56723 /* ViewController.swift in Sources */ = {isa = PBXBuildFile; fileRef = 198AC7CF1E77027700E56723 /* ViewController.swift */; };
		198AC7D31E77027700E56723 /* Main.storyboard in Resources */ = {isa = PBXBuildFile; fileRef = 198AC7D11E77027700E56723 /* Main.storyboard */; };
		198AC7D51E77027700E56723 /* Assets.xcassets in Resources */ = {isa = PBXBuildFile; fileRef = 198AC7D41E77027700E56723 /* Assets.xcassets */; };
		198AC7D81E77027700E56723 /* LaunchScreen.storyboard in Resources */ = {isa = PBXBuildFile; fileRef = 198AC7D61E77027700E56723 /* LaunchScreen.storyboard */; };
		198AC7E01E7706A000E56723 /* live-icon-final.jpg in Resources */ = {isa = PBXBuildFile; fileRef = 198AC7DF1E7706A000E56723 /* live-icon-final.jpg */; };
		198AC7E21E7706FA00E56723 /* Logo.png in Resources */ = {isa = PBXBuildFile; fileRef = 198AC7E11E7706FA00E56723 /* Logo.png */; };
		198AC7E41E77099500E56723 /* app_icon.png in Resources */ = {isa = PBXBuildFile; fileRef = 198AC7E31E77099500E56723 /* app_icon.png */; };
/* End PBXBuildFile section */

/* Begin PBXFileReference section */
		198AC7CA1E77027700E56723 /* POSEtive.app */ = {isa = PBXFileReference; explicitFileType = wrapper.application; includeInIndex = 0; path = POSEtive.app; sourceTree = BUILT_PRODUCTS_DIR; };
		198AC7CD1E77027700E56723 /* AppDelegate.swift */ = {isa = PBXFileReference; lastKnownFileType = sourcecode.swift; path = AppDelegate.swift; sourceTree = "<group>"; };
		198AC7CF1E77027700E56723 /* ViewController.swift */ = {isa = PBXFileReference; lastKnownFileType = sourcecode.swift; path = ViewController.swift; sourceTree = "<group>"; };
		198AC7D21E77027700E56723 /* Base */ = {isa = PBXFileReference; lastKnownFileType = file.storyboard; name = Base; path = Base.lproj/Main.storyboard; sourceTree = "<group>"; };
		198AC7D41E77027700E56723 /* Assets.xcassets */ = {isa = PBXFileReference; lastKnownFileType = folder.assetcatalog; path = Assets.xcassets; sourceTree = "<group>"; };
		198AC7D71E77027700E56723 /* Base */ = {isa = PBXFileReference; lastKnownFileType = file.storyboard; name = Base; path = Base.lproj/LaunchScreen.storyboard; sourceTree = "<group>"; };
		198AC7D91E77027700E56723 /* Info.plist */ = {isa = PBXFileReference; lastKnownFileType = text.plist.xml; path = Info.plist; sourceTree = "<group>"; };
		198AC7DF1E7706A000E56723 /* live-icon-final.jpg */ = {isa = PBXFileReference; lastKnownFileType = image.jpeg; name = "live-icon-final.jpg"; path = "POSEtive/live-icon-final.jpg"; sourceTree = "<group>"; };
		198AC7E11E7706FA00E56723 /* Logo.png */ = {isa = PBXFileReference; lastKnownFileType = image.png; name = Logo.png; path = POSEtive/Logo.png; sourceTree = "<group>"; };
		198AC7E31E77099500E56723 /* app_icon.png */ = {isa = PBXFileReference; lastKnownFileType = image.png; name = app_icon.png; path = ../app_icon.png; sourceTree = "<group>"; };
/* End PBXFileReference section */

/* Begin PBXFrameworksBuildPhase section */
		198AC7C71E77027600E56723 /* Frameworks */ = {
			isa = PBXFrameworksBuildPhase;
			buildActionMask = 2147483647;
			files = (
			);
			runOnlyForDeploymentPostprocessing = 0;
		};
/* End PBXFrameworksBuildPhase section */

/* Begin PBXGroup section */
		198AC7C11E77027600E56723 = {
			isa = PBXGroup;
			children = (
				198AC7E31E77099500E56723 /* app_icon.png */,
				198AC7E11E7706FA00E56723 /* Logo.png */,
				198AC7DF1E7706A000E56723 /* live-icon-final.jpg */,
				198AC7CC1E77027700E56723 /* POSEtive */,
				198AC7CB1E77027700E56723 /* Products */,
			);
			sourceTree = "<group>";
		};
		198AC7CB1E77027700E56723 /* Products */ = {
			isa = PBXGroup;
			children = (
				198AC7CA1E77027700E56723 /* POSEtive.app */,
			);
			name = Products;
			sourceTree = "<group>";
		};
		198AC7CC1E77027700E56723 /* POSEtive */ = {
			isa = PBXGroup;
			children = (
				198AC7CD1E77027700E56723 /* AppDelegate.swift */,
				198AC7CF1E77027700E56723 /* ViewController.swift */,
				198AC7D11E77027700E56723 /* Main.storyboard */,
				198AC7D41E77027700E56723 /* Assets.xcassets */,
				198AC7D61E77027700E56723 /* LaunchScreen.storyboard */,
				198AC7D91E77027700E56723 /* Info.plist */,
			);
			path = POSEtive;
			sourceTree = "<group>";
		};
/* End PBXGroup section */

/* Begin PBXNativeTarget section */
		198AC7C91E77027600E56723 /* POSEtive */ = {
			isa = PBXNativeTarget;
			buildConfigurationList = 198AC7DC1E77027700E56723 /* Build configuration list for PBXNativeTarget "POSEtive" */;
			buildPhases = (
				198AC7C61E77027600E56723 /* Sources */,
				198AC7C71E77027600E56723 /* Frameworks */,
				198AC7C81E77027600E56723 /* Resources */,
			);
			buildRules = (
			);
			dependencies = (
			);
			name = POSEtive;
			productName = POSEtive;
			productReference = 198AC7CA1E77027700E56723 /* POSEtive.app */;
			productType = "com.apple.product-type.application";
		};
/* End PBXNativeTarget section */

/* Begin PBXProject section */
		198AC7C21E77027600E56723 /* Project object */ = {
			isa = PBXProject;
			attributes = {
				LastSwiftUpdateCheck = 0820;
				LastUpgradeCheck = 0820;
				ORGANIZATIONNAME = POSEtive;
				TargetAttributes = {
					198AC7C91E77027600E56723 = {
						CreatedOnToolsVersion = 8.2.1;
						DevelopmentTeam = K2URTEF7W2;
						ProvisioningStyle = Automatic;
					};
				};
			};
			buildConfigurationList = 198AC7C51E77027600E56723 /* Build configuration list for PBXProject "POSEtive" */;
			compatibilityVersion = "Xcode 3.2";
			developmentRegion = English;
			hasScannedForEncodings = 0;
			knownRegions = (
				en,
				Base,
			);
			mainGroup = 198AC7C11E77027600E56723;
			productRefGroup = 198AC7CB1E77027700E56723 /* Products */;
			projectDirPath = "";
			projectRoot = "";
			targets = (
				198AC7C91E77027600E56723 /* POSEtive */,
			);
		};
/* End PBXProject section */

/* Begin PBXResourcesBuildPhase section */
		198AC7C81E77027600E56723 /* Resources */ = {
			isa = PBXResourcesBuildPhase;
			buildActionMask = 2147483647;
			files = (
				198AC7E41E77099500E56723 /* app_icon.png in Resources */,
				198AC7D81E77027700E56723 /* LaunchScreen.storyboard in Resources */,
				198AC7D51E77027700E56723 /* Assets.xcassets in Resources */,
				198AC7E21E7706FA00E56723 /* Logo.png in Resources */,
				198AC7D31E77027700E56723 /* Main.storyboard in Resources */,
				198AC7E01E7706A000E56723 /* live-icon-final.jpg in Resources */,
			);
			runOnlyForDeploymentPostprocessing = 0;
		};
/* End PBXResourcesBuildPhase section */

/* Begin PBXSourcesBuildPhase section */
		198AC7C61E77027600E56723 /* Sources */ = {
			isa = PBXSourcesBuildPhase;
			buildActionMask = 2147483647;
			files = (
				198AC7D01E77027700E56723 /* ViewController.swift in Sources */,
				198AC7CE1E77027700E56723 /* AppDelegate.swift in Sources */,
			);
			runOnlyForDeploymentPostprocessing = 0;
		};
/* End PBXSourcesBuildPhase section */

/* Begin PBXVariantGroup section */
		198AC7D11E77027700E56723 /* Main.storyboard */ = {
			isa = PBXVariantGroup;
			children = (
				198AC7D21E77027700E56723 /* Base */,
			);
			name = Main.storyboard;
			sourceTree = "<group>";
		};
		198AC7D61E77027700E56723 /* LaunchScreen.storyboard */ = {
			isa = PBXVariantGroup;
			children = (
				198AC7D71E77027700E56723 /* Base */,
			);
			name = LaunchScreen.storyboard;
			sourceTree = "<group>";
		};
/* End PBXVariantGroup section */

/* Begin XCBuildConfiguration section */
		198AC7DA1E77027700E56723 /* Debug */ = {
			isa = XCBuildConfiguration;
			buildSettings = {
				ALWAYS_SEARCH_USER_PATHS = NO;
				CLANG_ANALYZER_NONNULL = YES;
				CLANG_CXX_LANGUAGE_STANDARD = "gnu++0x";
				CLANG_CXX_LIBRARY = "libc++";
				CLANG_ENABLE_MODULES = YES;
				CLANG_ENABLE_OBJC_ARC = YES;
				CLANG_WARN_BOOL_CONVERSION = YES;
				CLANG_WARN_CONSTANT_CONVERSION = YES;
				CLANG_WARN_DIRECT_OBJC_ISA_USAGE = YES_ERROR;
				CLANG_WARN_DOCUMENTATION_COMMENTS = YES;
				CLANG_WARN_EMPTY_BODY = YES;
				CLANG_WARN_ENUM_CONVERSION = YES;
				CLANG_WARN_INFINITE_RECURSION = YES;
				CLANG_WARN_INT_CONVERSION = YES;
				CLANG_WARN_OBJC_ROOT_CLASS = YES_ERROR;
				CLANG_WARN_SUSPICIOUS_MOVE = YES;
				CLANG_WARN_UNREACHABLE_CODE = YES;
				CLANG_WARN__DUPLICATE_METHOD_MATCH = YES;
				"CODE_SIGN_IDENTITY[sdk=iphoneos*]" = "iPhone Developer";
				COPY_PHASE_STRIP = NO;
				DEBUG_INFORMATION_FORMAT = dwarf;
				ENABLE_STRICT_OBJC_MSGSEND = YES;
				ENABLE_TESTABILITY = YES;
				GCC_C_LANGUAGE_STANDARD = gnu99;
				GCC_DYNAMIC_NO_PIC = NO;
				GCC_NO_COMMON_BLOCKS = YES;
				GCC_OPTIMIZATION_LEVEL = 0;
				GCC_PREPROCESSOR_DEFINITIONS = (
					"DEBUG=1",
					"$(inherited)",
				);
				GCC_WARN_64_TO_32_BIT_CONVERSION = YES;
				GCC_WARN_ABOUT_RETURN_TYPE = YES_ERROR;
				GCC_WARN_UNDECLARED_SELECTOR = YES;
				GCC_WARN_UNINITIALIZED_AUTOS = YES_AGGRESSIVE;
				GCC_WARN_UNUSED_FUNCTION = YES;
				GCC_WARN_UNUSED_VARIABLE = YES;
				IPHONEOS_DEPLOYMENT_TARGET = 10.2;
				MTL_ENABLE_DEBUG_INFO = YES;
				ONLY_ACTIVE_ARCH = YES;
				SDKROOT = iphoneos;
				SWIFT_ACTIVE_COMPILATION_CONDITIONS = DEBUG;
				SWIFT_OPTIMIZATION_LEVEL = "-Onone";
				TARGETED_DEVICE_FAMILY = "1,2";
			};
			name = Debug;
		};
		198AC7DB1E77027700E56723 /* Release */ = {
			isa = XCBuildConfiguration;
			buildSettings = {
				ALWAYS_SEARCH_USER_PATHS = NO;
				CLANG_ANALYZER_NONNULL = YES;
				CLANG_CXX_LANGUAGE_STANDARD = "gnu++0x";
				CLANG_CXX_LIBRARY = "libc++";
				CLANG_ENABLE_MODULES = YES;
				CLANG_ENABLE_OBJC_ARC = YES;
				CLANG_WARN_BOOL_CONVERSION = YES;
				CLANG_WARN_CONSTANT_CONVERSION = YES;
				CLANG_WARN_DIRECT_OBJC_ISA_USAGE = YES_ERROR;
				CLANG_WARN_DOCUMENTATION_COMMENTS = YES;
				CLANG_WARN_EMPTY_BODY = YES;
				CLANG_WARN_ENUM_CONVERSION = YES;
				CLANG_WARN_INFINITE_RECURSION = YES;
				CLANG_WARN_INT_CONVERSION = YES;
				CLANG_WARN_OBJC_ROOT_CLASS = YES_ERROR;
				CLANG_WARN_SUSPICIOUS_MOVE = YES;
				CLANG_WARN_UNREACHABLE_CODE = YES;
				CLANG_WARN__DUPLICATE_METHOD_MATCH = YES;
				"CODE_SIGN_IDENTITY[sdk=iphoneos*]" = "iPhone Developer";
				COPY_PHASE_STRIP = NO;
				DEBUG_INFORMATION_FORMAT = "dwarf-with-dsym";
				ENABLE_NS_ASSERTIONS = NO;
				ENABLE_STRICT_OBJC_MSGSEND = YES;
				GCC_C_LANGUAGE_STANDARD = gnu99;
				GCC_NO_COMMON_BLOCKS = YES;
				GCC_WARN_64_TO_32_BIT_CONVERSION = YES;
				GCC_WARN_ABOUT_RETURN_TYPE = YES_ERROR;
				GCC_WARN_UNDECLARED_SELECTOR = YES;
				GCC_WARN_UNINITIALIZED_AUTOS = YES_AGGRESSIVE;
				GCC_WARN_UNUSED_FUNCTION = YES;
				GCC_WARN_UNUSED_VARIABLE = YES;
				IPHONEOS_DEPLOYMENT_TARGET = 10.2;
				MTL_ENABLE_DEBUG_INFO = NO;
				SDKROOT = iphoneos;
				SWIFT_OPTIMIZATION_LEVEL = "-Owholemodule";
				TARGETED_DEVICE_FAMILY = "1,2";
				VALIDATE_PRODUCT = YES;
			};
			name = Release;
		};
		198AC7DD1E77027700E56723 /* Debug */ = {
			isa = XCBuildConfiguration;
			buildSettings = {
				ASSETCATALOG_COMPILER_APPICON_NAME = AppIcon;
				DEVELOPMENT_TEAM = K2URTEF7W2;
				INFOPLIST_FILE = POSEtive/Info.plist;
				LD_RUNPATH_SEARCH_PATHS = "$(inherited) @executable_path/Frameworks";
				PRODUCT_BUNDLE_IDENTIFIER = com.psl.POSEtive;
				PRODUCT_NAME = "$(TARGET_NAME)";
				SWIFT_VERSION = 3.0;
			};
			name = Debug;
		};
		198AC7DE1E77027700E56723 /* Release */ = {
			isa = XCBuildConfiguration;
			buildSettings = {
				ASSETCATALOG_COMPILER_APPICON_NAME = AppIcon;
				DEVELOPMENT_TEAM = K2URTEF7W2;
				INFOPLIST_FILE = POSEtive/Info.plist;
				LD_RUNPATH_SEARCH_PATHS = "$(inherited) @executable_path/Frameworks";
				PRODUCT_BUNDLE_IDENTIFIER = com.psl.POSEtive;
				PRODUCT_NAME = "$(TARGET_NAME)";
				SWIFT_VERSION = 3.0;
			};
			name = Release;
		};
/* End XCBuildConfiguration section */

/* Begin XCConfigurationList section */
		198AC7C51E77027600E56723 /* Build configuration list for PBXProject "POSEtive" */ = {
			isa = XCConfigurationList;
			buildConfigurations = (
				198AC7DA1E77027700E56723 /* Debug */,
				198AC7DB1E77027700E56723 /* Release */,
			);
			defaultConfigurationIsVisible = 0;
			defaultConfigurationName = Release;
		};
		198AC7DC1E77027700E56723 /* Build configuration list for PBXNativeTarget "POSEtive" */ = {
			isa = XCConfigurationList;
			buildConfigurations = (
				198AC7DD1E77027700E56723 /* Debug */,
				198AC7DE1E77027700E56723 /* Release */,
			);
			defaultConfigurationIsVisible = 0;
		};
/* End XCConfigurationList section */
	};
	rootObject = 198AC7C21E77027600E56723 /* Project object */;
}
